Microsoft Visual Studio Solution File, Format Version 12.00
# Visual Studio Version 17
VisualStudioVersion = 17.5.2.0
MinimumVisualStudioVersion = 10.0.40219.1
Project("{FAE04EC0-301F-11D3-BF4B-00C04F79EFBC}") = "eSPJ", "eSPJ.csproj", "{B8539925-B145-B609-A063-20B0D85C7150}"
EndProject
Global
	GlobalSection(SolutionConfigurationPlatforms) = preSolution
		Debug|Any CPU = Debug|Any CPU
		Release|Any CPU = Release|Any CPU
	EndGlobalSection
	GlobalSection(ProjectConfigurationPlatforms) = postSolution
		{B8539925-B145-B609-A063-20B0D85C7150}.Debug|Any CPU.ActiveCfg = Debug|Any CPU
		{B8539925-B145-B609-A063-20B0D85C7150}.Debug|Any CPU.Build.0 = Debug|Any CPU
		{B8539925-B145-B609-A063-20B0D85C7150}.Release|Any CPU.ActiveCfg = Release|Any CPU
		{B8539925-B145-B609-A063-20B0D85C7150}.Release|Any CPU.Build.0 = Release|Any CPU
	EndGlobalSection
	GlobalSection(SolutionProperties) = preSolution
		HideSolutionNode = FALSE
	EndGlobalSection
	GlobalSection(ExtensibilityGlobals) = postSolution
		SolutionGuid = {88CB0BDE-3A27-4073-9743-BF4F7AE7EB9C}
	EndGlobalSection
EndGlobal
